{
  "projects": [
    {
      "projectId": "gLnj1ASQa3ENCCCbozzvCK",
      "version": "0.0.3",
      "dependencies": {},
      "lang": "ts",
      "fileLocks": [
        {
          "assetId": "gLnj1ASQa3ENCCCbozzvCK",
          "type": "projectCss",
          "checksum": "1c02168c6b23256606111fdfdbb63549"
        },
        {
          "assetId": "gLnj1ASQa3ENCCCbozzvCK",
          "checksum": "58a352f849f1520e4f338e5d25df4d87",
          "type": "globalContexts"
        }
      ],
      "codegenVersion": "0.0.1"
    },
    {
      "projectId": "66MC2d9B7YecVEphuUMtqF",
      "version": "1.1.0",
      "dependencies": {},
      "lang": "ts",
      "fileLocks": [
        {
          "assetId": "66MC2d9B7YecVEphuUMtqF",
          "type": "projectCss",
          "checksum": "77c6cae8f6fefe6e329eb4393973c8c6"
        },
        {
          "assetId": "66MC2d9B7YecVEphuUMtqF",
          "checksum": "cb442dc94ffe3c8679bfdc3c9f67ec9e",
          "type": "globalContexts"
        }
      ],
      "codegenVersion": "0.0.1"
    },
    {
      "projectId": "gzny5sU7cPH2nhvEqzdB2m",
      "version": "0.0.3",
      "dependencies": {},
      "lang": "ts",
      "fileLocks": [
        {
          "assetId": "gzny5sU7cPH2nhvEqzdB2m",
          "type": "projectCss",
          "checksum": "1c02168c6b23256606111fdfdbb63549"
        }
      ],
      "codegenVersion": "0.0.1"
    },
    {
      "projectId": "raj9oz8Dmwv4yPAsi8ZNRE",
      "version": "latest",
      "dependencies": {
        "gzny5sU7cPH2nhvEqzdB2m": "0.0.3",
        "66MC2d9B7YecVEphuUMtqF": "1.1.0",
        "gLnj1ASQa3ENCCCbozzvCK": "0.0.3"
      },
      "lang": "ts",
      "fileLocks": [
        {
          "type": "globalVariant",
          "assetId": "lLDYaUzBlbu-",
          "checksum": "f8e7d4b5a1bedecd6bd31955c79fb6f2"
        },
        {
          "assetId": "raj9oz8Dmwv4yPAsi8ZNRE",
          "checksum": "9e05c7160d133b10dc997b96456fac50",
          "type": "globalContexts"
        },
        {
          "type": "renderModule",
          "assetId": "GmMI1wC6j4Hq",
          "checksum": "bb00b61486879182e5b3676944eac746"
        },
        {
          "type": "cssRules",
          "assetId": "GmMI1wC6j4Hq",
          "checksum": "bb00b61486879182e5b3676944eac746"
        },
        {
          "type": "renderModule",
          "assetId": "xRx3V5SuZTsC",
          "checksum": "613a23ca569c48401ab1bed10192c7c0"
        },
        {
          "type": "cssRules",
          "assetId": "xRx3V5SuZTsC",
          "checksum": "613a23ca569c48401ab1bed10192c7c0"
        },
        {
          "type": "icon",
          "assetId": "BP-w-FD1I0sf",
          "checksum": "5fe5d2bc19d59d33c55efa9c8ca0fa71"
        },
        {
          "type": "image",
          "assetId": "kJMJDl9c1BvV",
          "checksum": "be7b4da235a6f52a8addb2a635c7087b"
        },
        {
          "assetId": "raj9oz8Dmwv4yPAsi8ZNRE",
          "type": "projectCss",
          "checksum": "560aba1b53ddf5fb78c73a5a40cd26ba"
        }
      ],
      "codegenVersion": "0.0.1"
    }
  ],
  "cliVersion": "0.0.22"
}
